<?xml version="1.0" encoding="utf-8"?>
<Project ToolsVersion="4.0" xmlns="http://schemas.microsoft.com/developer/msbuild/2003">
  <ItemGroup>
    <Filter Include="Source Files">
      <UniqueIdentifier>{4FC737F1-C7A5-4376-A066-2A32D752A2FF}</UniqueIdentifier>
      <Extensions>cpp;c;cc;cxx;c++;def;odl;idl;hpj;bat;asm;asmx</Extensions>
    </Filter>
    <Filter Include="Header Files">
      <UniqueIdentifier>{93995380-89BD-4b04-88EB-625FBE52EBFB}</UniqueIdentifier>
      <Extensions>h;hh;hpp;hxx;h++;hm;inl;inc;ipp;xsd</Extensions>
    </Filter>
    <Filter Include="Resource Files">
      <UniqueIdentifier>{67DA6AB6-F800-4c08-8B7A-83BB121AAD01}</UniqueIdentifier>
      <Extensions>rc;ico;cur;bmp;dlg;rc2;rct;bin;rgs;gif;jpg;jpeg;jpe;resx;tiff;tif;png;wav;mfcribbon-ms</Extensions>
    </Filter>
    <Filter Include="Source Files\Private">
      <UniqueIdentifier>{41684d11-dbf2-4ec5-b70e-4d8042a65b15}</UniqueIdentifier>
    </Filter>
    <Filter Include="Source Files\Public">
      <UniqueIdentifier>{54a518ca-1163-4946-be9d-ad04d8612d9d}</UniqueIdentifier>
    </Filter>
    <Filter Include="Source Files\Public\Sockets">
      <UniqueIdentifier>{f3c7f4d1-b541-41fe-b6a9-e96ef007bb1b}</UniqueIdentifier>
    </Filter>
    <Filter Include="Source Files\Public\Streams">
      <UniqueIdentifier>{d955ca53-2021-4bd6-94e0-dc30e5c5ddc6}</UniqueIdentifier>
    </Filter>
    <Filter Include="Source Files\Public\Core">
      <UniqueIdentifier>{6ca18692-d6de-4842-b202-28b7c286d0cd}</UniqueIdentifier>
    </Filter>
    <Filter Include="Source Files\Public\SocketSupport">
      <UniqueIdentifier>{e06a5937-955d-4002-bf4e-c71df2c1be40}</UniqueIdentifier>
    </Filter>
    <Filter Include="Source Files\Public\Architectures">
      <UniqueIdentifier>{0e8fc582-489e-400f-a75f-08927af23373}</UniqueIdentifier>
    </Filter>
    <Filter Include="Source Files\Private\Render">
      <UniqueIdentifier>{115d1792-bad3-4090-868b-cef702ccd345}</UniqueIdentifier>
    </Filter>
    <Filter Include="Source Files\Game">
      <UniqueIdentifier>{739cd01a-fb31-4d21-838c-4e058a2960a7}</UniqueIdentifier>
    </Filter>
  </ItemGroup>
  <ItemGroup>
    <ClCompile Include="main.cpp">
      <Filter>Source Files</Filter>
    </ClCompile>
    <ClCompile Include="efefDebug.cpp">
      <Filter>Source Files\Private</Filter>
    </ClCompile>
    <ClCompile Include="efefSocket.cpp">
      <Filter>Source Files\Public\Sockets</Filter>
    </ClCompile>
    <ClCompile Include="efefUDPSocket.cpp">
      <Filter>Source Files\Public\Sockets</Filter>
    </ClCompile>
    <ClCompile Include="efefTCPSocket.cpp">
      <Filter>Source Files\Public\Sockets</Filter>
    </ClCompile>
    <ClCompile Include="efefInputStream.cpp">
      <Filter>Source Files\Public\Streams</Filter>
    </ClCompile>
    <ClCompile Include="efefOutputStream.cpp">
      <Filter>Source Files\Public\Streams</Filter>
    </ClCompile>
    <ClCompile Include="efefPrivateGlobals.cpp">
      <Filter>Source Files\Private</Filter>
    </ClCompile>
    <ClCompile Include="efefGlobals.cpp">
      <Filter>Source Files\Public\Core</Filter>
    </ClCompile>
    <ClCompile Include="efefGeneral.cpp">
      <Filter>Source Files\Public\Core</Filter>
    </ClCompile>
    <ClCompile Include="efefSocketAddr.cpp">
      <Filter>Source Files\Public\SocketSupport</Filter>
    </ClCompile>
    <ClCompile Include="efefSocketSet.cpp">
      <Filter>Source Files\Public\SocketSupport</Filter>
    </ClCompile>
    <ClCompile Include="efefFastSocket.cpp">
      <Filter>Source Files\Public\Sockets</Filter>
    </ClCompile>
    <ClCompile Include="efefManager.cpp">
      <Filter>Source Files\Public\Core</Filter>
    </ClCompile>
    <ClCompile Include="efefServer.cpp">
      <Filter>Source Files\Public\Architectures</Filter>
    </ClCompile>
    <ClCompile Include="Render.cpp">
      <Filter>Source Files\Private\Render</Filter>
    </ClCompile>
  </ItemGroup>
  <ItemGroup>
    <ClInclude Include="efefDebug.h">
      <Filter>Source Files\Private</Filter>
    </ClInclude>
    <ClInclude Include="efefSocket.h">
      <Filter>Source Files\Public\Sockets</Filter>
    </ClInclude>
    <ClInclude Include="efefUDPSocket.h">
      <Filter>Source Files\Public\Sockets</Filter>
    </ClInclude>
    <ClInclude Include="efefTCPSocket.h">
      <Filter>Source Files\Public\Sockets</Filter>
    </ClInclude>
    <ClInclude Include="efefInputStream.h">
      <Filter>Source Files\Public\Streams</Filter>
    </ClInclude>
    <ClInclude Include="efefOutputStream.h">
      <Filter>Source Files\Public\Streams</Filter>
    </ClInclude>
    <ClInclude Include="efefStreams.h">
      <Filter>Source Files\Public\Streams</Filter>
    </ClInclude>
    <ClInclude Include="efefPrivateGlobals.h">
      <Filter>Source Files\Private</Filter>
    </ClInclude>
    <ClInclude Include="efefGlobals.h">
      <Filter>Source Files\Public\Core</Filter>
    </ClInclude>
    <ClInclude Include="efefNet.h">
      <Filter>Source Files\Public\Core</Filter>
    </ClInclude>
    <ClInclude Include="efefGeneral.h">
      <Filter>Source Files\Public\Core</Filter>
    </ClInclude>
    <ClInclude Include="efefSocketAddr.h">
      <Filter>Source Files\Public\SocketSupport</Filter>
    </ClInclude>
    <ClInclude Include="efefSocketSet.h">
      <Filter>Source Files\Public\SocketSupport</Filter>
    </ClInclude>
    <ClInclude Include="efefFastSocket.h">
      <Filter>Source Files\Public\Sockets</Filter>
    </ClInclude>
    <ClInclude Include="efefManager.h">
      <Filter>Source Files\Public\Core</Filter>
    </ClInclude>
    <ClInclude Include="efefServer.h">
      <Filter>Source Files\Public\Architectures</Filter>
    </ClInclude>
    <ClInclude Include="efefClient.h">
      <Filter>Source Files\Public\Architectures</Filter>
    </ClInclude>
    <ClInclude Include="efefMessage.h">
      <Filter>Source Files\Public\SocketSupport</Filter>
    </ClInclude>
    <ClInclude Include="Render.h">
      <Filter>Source Files\Private\Render</Filter>
    </ClInclude>
    <ClInclude Include="Point.h">
      <Filter>Source Files\Private\Render</Filter>
    </ClInclude>
  </ItemGroup>
</Project>